
Microsoft Visual Studio Solution File, Format Version 12.00
# Visual Studio Version 17
VisualStudioVersion = 17.4.33110.190
MinimumVisualStudioVersion = 10.0.40219.1
Project("{FAE04EC0-301F-11D3-BF4B-00C04F79EFBC}") = "ReverseString", "ReverseString.csproj", "{9AB13852-A052-449A-8CB3-72C87C4C499A}"
EndProject
Global
	GlobalSection(SolutionConfigurationPlatforms) = preSolution
		Debug|Any CPU = Debug|Any CPU
		Release|Any CPU = Release|Any CPU
	EndGlobalSection
	GlobalSection(ProjectConfigurationPlatforms) = postSolution
		{9AB13852-A052-449A-8CB3-72C87C4C499A}.Debug|Any CPU.ActiveCfg = Debug|Any CPU
		{9AB13852-A052-449A-8CB3-72C87C4C499A}.Debug|Any CPU.Build.0 = Debug|Any CPU
		{9AB13852-A052-449A-8CB3-72C87C4C499A}.Release|Any CPU.ActiveCfg = Release|Any CPU
		{9AB13852-A052-449A-8CB3-72C87C4C499A}.Release|Any CPU.Build.0 = Release|Any CPU
	EndGlobalSection
	GlobalSection(SolutionProperties) = preSolution
		HideSolutionNode = FALSE
	EndGlobalSection
	GlobalSection(ExtensibilityGlobals) = postSolution
		SolutionGuid = {57E2592C-E7C0-49FE-82A9-67AEAC8AD9F7}
	EndGlobalSection
EndGlobal
